
Microsoft Visual Studio Solution File, Format Version 12.00
# Visual Studio 15
VisualStudioVersion = 15.0.27703.2047
MinimumVisualStudioVersion = 10.0.40219.1
Project("{9A19103F-16F7-4668-BE54-9A1E7A4F7556}") = "RedingtonCalculator.Web", "RedingtonCalculator.Web\RedingtonCalculator.Web.csproj", "{3AF97076-DBA2-451D-AA53-19CC51851C34}"
EndProject
Project("{E53339B2-1760-4266-BCC7-CA923CBCF16C}") = "docker-compose", "docker-compose.dcproj", "{217C8413-E382-496B-AFD1-1E1EC93E7280}"
EndProject
Project("{9A19103F-16F7-4668-BE54-9A1E7A4F7556}") = "RedingtonCalculator.WebTests", "RedingtonCalculator.WebTests\RedingtonCalculator.WebTests.csproj", "{6A4015B6-6052-4AA8-B4BC-5FD56492D58A}"
EndProject
Project("{9A19103F-16F7-4668-BE54-9A1E7A4F7556}") = "RedingtonCalculator.Domain", "RedingtonCalculator.Domain\RedingtonCalculator.Domain.csproj", "{D93D644B-B445-4F5F-A3DA-BDD7808AFA07}"
EndProject
Project("{FAE04EC0-301F-11D3-BF4B-00C04F79EFBC}") = "RedingtonCalculator.DomainTests", "RedingtonCalculator.DomainTests\RedingtonCalculator.DomainTests.csproj", "{A8FED22E-D03F-46AE-AF40-B9EFCAD4F51E}"
EndProject
Global
	GlobalSection(SolutionConfigurationPlatforms) = preSolution
		Debug|Any CPU = Debug|Any CPU
		Release|Any CPU = Release|Any CPU
	EndGlobalSection
	GlobalSection(ProjectConfigurationPlatforms) = postSolution
		{3AF97076-DBA2-451D-AA53-19CC51851C34}.Debug|Any CPU.ActiveCfg = Debug|Any CPU
		{3AF97076-DBA2-451D-AA53-19CC51851C34}.Debug|Any CPU.Build.0 = Debug|Any CPU
		{3AF97076-DBA2-451D-AA53-19CC51851C34}.Release|Any CPU.ActiveCfg = Release|Any CPU
		{3AF97076-DBA2-451D-AA53-19CC51851C34}.Release|Any CPU.Build.0 = Release|Any CPU
		{217C8413-E382-496B-AFD1-1E1EC93E7280}.Debug|Any CPU.ActiveCfg = Debug|Any CPU
		{217C8413-E382-496B-AFD1-1E1EC93E7280}.Debug|Any CPU.Build.0 = Debug|Any CPU
		{217C8413-E382-496B-AFD1-1E1EC93E7280}.Release|Any CPU.ActiveCfg = Release|Any CPU
		{217C8413-E382-496B-AFD1-1E1EC93E7280}.Release|Any CPU.Build.0 = Release|Any CPU
		{6A4015B6-6052-4AA8-B4BC-5FD56492D58A}.Debug|Any CPU.ActiveCfg = Debug|Any CPU
		{6A4015B6-6052-4AA8-B4BC-5FD56492D58A}.Debug|Any CPU.Build.0 = Debug|Any CPU
		{6A4015B6-6052-4AA8-B4BC-5FD56492D58A}.Release|Any CPU.ActiveCfg = Release|Any CPU
		{6A4015B6-6052-4AA8-B4BC-5FD56492D58A}.Release|Any CPU.Build.0 = Release|Any CPU
		{D93D644B-B445-4F5F-A3DA-BDD7808AFA07}.Debug|Any CPU.ActiveCfg = Debug|Any CPU
		{D93D644B-B445-4F5F-A3DA-BDD7808AFA07}.Debug|Any CPU.Build.0 = Debug|Any CPU
		{D93D644B-B445-4F5F-A3DA-BDD7808AFA07}.Release|Any CPU.ActiveCfg = Release|Any CPU
		{D93D644B-B445-4F5F-A3DA-BDD7808AFA07}.Release|Any CPU.Build.0 = Release|Any CPU
		{A8FED22E-D03F-46AE-AF40-B9EFCAD4F51E}.Debug|Any CPU.ActiveCfg = Debug|Any CPU
		{A8FED22E-D03F-46AE-AF40-B9EFCAD4F51E}.Debug|Any CPU.Build.0 = Debug|Any CPU
		{A8FED22E-D03F-46AE-AF40-B9EFCAD4F51E}.Release|Any CPU.ActiveCfg = Release|Any CPU
		{A8FED22E-D03F-46AE-AF40-B9EFCAD4F51E}.Release|Any CPU.Build.0 = Release|Any CPU
	EndGlobalSection
	GlobalSection(SolutionProperties) = preSolution
		HideSolutionNode = FALSE
	EndGlobalSection
	GlobalSection(ExtensibilityGlobals) = postSolution
		SolutionGuid = {4E77BC9D-C88A-4F86-9175-F479491BB721}
	EndGlobalSection
EndGlobal
